{
    "name": "gh-action-setup-odin",
    "version": "0.0.0",
    "lockfileVersion": 3,
    "requires": true,
    "packages": {
        "": {
            "name": "gh-action-setup-odin",
            "version": "0.0.0",
            "devDependencies": {},
            "engines": {
                "node": ">=20"
            }
        }
    }
}
